
Microsoft Visual Studio Solution File, Format Version 12.00
# Visual Studio Version 17
VisualStudioVersion = 17.0.31903.59
MinimumVisualStudioVersion = 10.0.40219.1
Project("{2150E333-8FDC-42A3-9474-1A3956D46DE8}") = "src", "src", "{827E0CD3-B72D-47B6-A68D-7590B98EB39B}"
EndProject
Project("{FAE04EC0-301F-11D3-BF4B-00C04F79EFBC}") = "NebulaRAG.Core", "src\NebulaRAG.Core\NebulaRAG.Core.csproj", "{58019672-CADE-478D-B610-510B19B0BBA8}"
EndProject
Project("{FAE04EC0-301F-11D3-BF4B-00C04F79EFBC}") = "NebulaRAG.Cli", "src\NebulaRAG.Cli\NebulaRAG.Cli.csproj", "{EAF2282F-62C8-4F49-AFB5-8746173B1AD2}"
EndProject
Project("{2150E333-8FDC-42A3-9474-1A3956D46DE8}") = "tests", "tests", "{0AB3BF05-4346-4AA6-1389-037BE0695223}"
EndProject
Project("{FAE04EC0-301F-11D3-BF4B-00C04F79EFBC}") = "NebulaRAG.Tests", "tests\NebulaRAG.Tests\NebulaRAG.Tests.csproj", "{84564402-DB01-480B-AD14-C6910B47BA86}"
EndProject
Project("{FAE04EC0-301F-11D3-BF4B-00C04F79EFBC}") = "NebulaRAG.Mcp", "src\NebulaRAG.Mcp\NebulaRAG.Mcp.csproj", "{210D4EB3-11AA-4A05-930B-2C7D830513FE}"
EndProject
Global
	GlobalSection(SolutionConfigurationPlatforms) = preSolution
		Debug|Any CPU = Debug|Any CPU
		Debug|x64 = Debug|x64
		Debug|x86 = Debug|x86
		Release|Any CPU = Release|Any CPU
		Release|x64 = Release|x64
		Release|x86 = Release|x86
	EndGlobalSection
	GlobalSection(ProjectConfigurationPlatforms) = postSolution
		{58019672-CADE-478D-B610-510B19B0BBA8}.Debug|Any CPU.ActiveCfg = Debug|Any CPU
		{58019672-CADE-478D-B610-510B19B0BBA8}.Debug|Any CPU.Build.0 = Debug|Any CPU
		{58019672-CADE-478D-B610-510B19B0BBA8}.Debug|x64.ActiveCfg = Debug|Any CPU
		{58019672-CADE-478D-B610-510B19B0BBA8}.Debug|x64.Build.0 = Debug|Any CPU
		{58019672-CADE-478D-B610-510B19B0BBA8}.Debug|x86.ActiveCfg = Debug|Any CPU
		{58019672-CADE-478D-B610-510B19B0BBA8}.Debug|x86.Build.0 = Debug|Any CPU
		{58019672-CADE-478D-B610-510B19B0BBA8}.Release|Any CPU.ActiveCfg = Release|Any CPU
		{58019672-CADE-478D-B610-510B19B0BBA8}.Release|Any CPU.Build.0 = Release|Any CPU
		{58019672-CADE-478D-B610-510B19B0BBA8}.Release|x64.ActiveCfg = Release|Any CPU
		{58019672-CADE-478D-B610-510B19B0BBA8}.Release|x64.Build.0 = Release|Any CPU
		{58019672-CADE-478D-B610-510B19B0BBA8}.Release|x86.ActiveCfg = Release|Any CPU
		{58019672-CADE-478D-B610-510B19B0BBA8}.Release|x86.Build.0 = Release|Any CPU
		{EAF2282F-62C8-4F49-AFB5-8746173B1AD2}.Debug|Any CPU.ActiveCfg = Debug|Any CPU
		{EAF2282F-62C8-4F49-AFB5-8746173B1AD2}.Debug|Any CPU.Build.0 = Debug|Any CPU
		{EAF2282F-62C8-4F49-AFB5-8746173B1AD2}.Debug|x64.ActiveCfg = Debug|Any CPU
		{EAF2282F-62C8-4F49-AFB5-8746173B1AD2}.Debug|x64.Build.0 = Debug|Any CPU
		{EAF2282F-62C8-4F49-AFB5-8746173B1AD2}.Debug|x86.ActiveCfg = Debug|Any CPU
		{EAF2282F-62C8-4F49-AFB5-8746173B1AD2}.Debug|x86.Build.0 = Debug|Any CPU
		{EAF2282F-62C8-4F49-AFB5-8746173B1AD2}.Release|Any CPU.ActiveCfg = Release|Any CPU
		{EAF2282F-62C8-4F49-AFB5-8746173B1AD2}.Release|Any CPU.Build.0 = Release|Any CPU
		{EAF2282F-62C8-4F49-AFB5-8746173B1AD2}.Release|x64.ActiveCfg = Release|Any CPU
		{EAF2282F-62C8-4F49-AFB5-8746173B1AD2}.Release|x64.Build.0 = Release|Any CPU
		{EAF2282F-62C8-4F49-AFB5-8746173B1AD2}.Release|x86.ActiveCfg = Release|Any CPU
		{EAF2282F-62C8-4F49-AFB5-8746173B1AD2}.Release|x86.Build.0 = Release|Any CPU
		{84564402-DB01-480B-AD14-C6910B47BA86}.Debug|Any CPU.ActiveCfg = Debug|Any CPU
		{84564402-DB01-480B-AD14-C6910B47BA86}.Debug|Any CPU.Build.0 = Debug|Any CPU
		{84564402-DB01-480B-AD14-C6910B47BA86}.Debug|x64.ActiveCfg = Debug|Any CPU
		{84564402-DB01-480B-AD14-C6910B47BA86}.Debug|x64.Build.0 = Debug|Any CPU
		{84564402-DB01-480B-AD14-C6910B47BA86}.Debug|x86.ActiveCfg = Debug|Any CPU
		{84564402-DB01-480B-AD14-C6910B47BA86}.Debug|x86.Build.0 = Debug|Any CPU
		{84564402-DB01-480B-AD14-C6910B47BA86}.Release|Any CPU.ActiveCfg = Release|Any CPU
		{84564402-DB01-480B-AD14-C6910B47BA86}.Release|Any CPU.Build.0 = Release|Any CPU
		{84564402-DB01-480B-AD14-C6910B47BA86}.Release|x64.ActiveCfg = Release|Any CPU
		{84564402-DB01-480B-AD14-C6910B47BA86}.Release|x64.Build.0 = Release|Any CPU
		{84564402-DB01-480B-AD14-C6910B47BA86}.Release|x86.ActiveCfg = Release|Any CPU
		{84564402-DB01-480B-AD14-C6910B47BA86}.Release|x86.Build.0 = Release|Any CPU
		{210D4EB3-11AA-4A05-930B-2C7D830513FE}.Debug|Any CPU.ActiveCfg = Debug|Any CPU
		{210D4EB3-11AA-4A05-930B-2C7D830513FE}.Debug|Any CPU.Build.0 = Debug|Any CPU
		{210D4EB3-11AA-4A05-930B-2C7D830513FE}.Debug|x64.ActiveCfg = Debug|Any CPU
		{210D4EB3-11AA-4A05-930B-2C7D830513FE}.Debug|x64.Build.0 = Debug|Any CPU
		{210D4EB3-11AA-4A05-930B-2C7D830513FE}.Debug|x86.ActiveCfg = Debug|Any CPU
		{210D4EB3-11AA-4A05-930B-2C7D830513FE}.Debug|x86.Build.0 = Debug|Any CPU
		{210D4EB3-11AA-4A05-930B-2C7D830513FE}.Release|Any CPU.ActiveCfg = Release|Any CPU
		{210D4EB3-11AA-4A05-930B-2C7D830513FE}.Release|Any CPU.Build.0 = Release|Any CPU
		{210D4EB3-11AA-4A05-930B-2C7D830513FE}.Release|x64.ActiveCfg = Release|Any CPU
		{210D4EB3-11AA-4A05-930B-2C7D830513FE}.Release|x64.Build.0 = Release|Any CPU
		{210D4EB3-11AA-4A05-930B-2C7D830513FE}.Release|x86.ActiveCfg = Release|Any CPU
		{210D4EB3-11AA-4A05-930B-2C7D830513FE}.Release|x86.Build.0 = Release|Any CPU
	EndGlobalSection
	GlobalSection(SolutionProperties) = preSolution
		HideSolutionNode = FALSE
	EndGlobalSection
	GlobalSection(NestedProjects) = preSolution
		{58019672-CADE-478D-B610-510B19B0BBA8} = {827E0CD3-B72D-47B6-A68D-7590B98EB39B}
		{EAF2282F-62C8-4F49-AFB5-8746173B1AD2} = {827E0CD3-B72D-47B6-A68D-7590B98EB39B}
		{84564402-DB01-480B-AD14-C6910B47BA86} = {0AB3BF05-4346-4AA6-1389-037BE0695223}
		{210D4EB3-11AA-4A05-930B-2C7D830513FE} = {827E0CD3-B72D-47B6-A68D-7590B98EB39B}
	EndGlobalSection
EndGlobal
